
Microsoft Visual Studio Solution File, Format Version 12.00
# Visual Studio Version 16
VisualStudioVersion = 16.0.29503.13
MinimumVisualStudioVersion = 10.0.40219.1
Project("{FAE04EC0-301F-11D3-BF4B-00C04F79EFBC}") = "GCDLib", "GCDLib.csproj", "{54B64A5E-7D41-4333-9DCC-DAE1C33F46DD}"
EndProject
Project("{FAE04EC0-301F-11D3-BF4B-00C04F79EFBC}") = "GCDLibTests", "..\GCDLibTests\GCDLibTests.csproj", "{07BD89F8-99D8-488B-A717-C40271F7A8DC}"
EndProject
Project("{FAE04EC0-301F-11D3-BF4B-00C04F79EFBC}") = "DoubleLib", "..\FloatLibrary\DoubleLib.csproj", "{D8B46F75-64E4-4E0F-8688-B779FD763686}"
EndProject
Project("{FAE04EC0-301F-11D3-BF4B-00C04F79EFBC}") = "DoubleLibTests", "..\DoubleLibTests\DoubleLibTests.csproj", "{6002E6BA-17FD-42B0-ABAA-DFBE123AD6E9}"
EndProject
Global
	GlobalSection(SolutionConfigurationPlatforms) = preSolution
		Debug|Any CPU = Debug|Any CPU
		Release|Any CPU = Release|Any CPU
	EndGlobalSection
	GlobalSection(ProjectConfigurationPlatforms) = postSolution
		{54B64A5E-7D41-4333-9DCC-DAE1C33F46DD}.Debug|Any CPU.ActiveCfg = Debug|Any CPU
		{54B64A5E-7D41-4333-9DCC-DAE1C33F46DD}.Debug|Any CPU.Build.0 = Debug|Any CPU
		{54B64A5E-7D41-4333-9DCC-DAE1C33F46DD}.Release|Any CPU.ActiveCfg = Release|Any CPU
		{54B64A5E-7D41-4333-9DCC-DAE1C33F46DD}.Release|Any CPU.Build.0 = Release|Any CPU
		{07BD89F8-99D8-488B-A717-C40271F7A8DC}.Debug|Any CPU.ActiveCfg = Debug|Any CPU
		{07BD89F8-99D8-488B-A717-C40271F7A8DC}.Debug|Any CPU.Build.0 = Debug|Any CPU
		{07BD89F8-99D8-488B-A717-C40271F7A8DC}.Release|Any CPU.ActiveCfg = Release|Any CPU
		{07BD89F8-99D8-488B-A717-C40271F7A8DC}.Release|Any CPU.Build.0 = Release|Any CPU
		{D8B46F75-64E4-4E0F-8688-B779FD763686}.Debug|Any CPU.ActiveCfg = Debug|Any CPU
		{D8B46F75-64E4-4E0F-8688-B779FD763686}.Debug|Any CPU.Build.0 = Debug|Any CPU
		{D8B46F75-64E4-4E0F-8688-B779FD763686}.Release|Any CPU.ActiveCfg = Release|Any CPU
		{D8B46F75-64E4-4E0F-8688-B779FD763686}.Release|Any CPU.Build.0 = Release|Any CPU
		{6002E6BA-17FD-42B0-ABAA-DFBE123AD6E9}.Debug|Any CPU.ActiveCfg = Debug|Any CPU
		{6002E6BA-17FD-42B0-ABAA-DFBE123AD6E9}.Debug|Any CPU.Build.0 = Debug|Any CPU
		{6002E6BA-17FD-42B0-ABAA-DFBE123AD6E9}.Release|Any CPU.ActiveCfg = Release|Any CPU
		{6002E6BA-17FD-42B0-ABAA-DFBE123AD6E9}.Release|Any CPU.Build.0 = Release|Any CPU
	EndGlobalSection
	GlobalSection(SolutionProperties) = preSolution
		HideSolutionNode = FALSE
	EndGlobalSection
	GlobalSection(ExtensibilityGlobals) = postSolution
		SolutionGuid = {5273E3A8-DA69-49EA-82D4-97B93883377A}
	EndGlobalSection
EndGlobal
