
Microsoft Visual Studio Solution File, Format Version 12.00
# Visual Studio Version 16
VisualStudioVersion = 16.0.29519.181
MinimumVisualStudioVersion = 10.0.40219.1
Project("{FAE04EC0-301F-11D3-BF4B-00C04F79EFBC}") = "QueueLib", "NET.W.2019.Valuika.13\QueueLib.csproj", "{6A3C7F0A-6473-4B63-8951-D18CA3522A8C}"
EndProject
Project("{FAE04EC0-301F-11D3-BF4B-00C04F79EFBC}") = "QueueLibTests", "QueueLibTests\QueueLibTests.csproj", "{DC4B1265-6DBF-48D8-A2D4-BF54D1D0AAB9}"
EndProject
Project("{FAE04EC0-301F-11D3-BF4B-00C04F79EFBC}") = "ConsoleApp1", "ConsoleApp1\ConsoleApp1.csproj", "{3FD9B3F7-9196-47A7-95F5-47C7BF295167}"
EndProject
Project("{FAE04EC0-301F-11D3-BF4B-00C04F79EFBC}") = "MatrixLib", "MatrixLib\MatrixLib.csproj", "{D709E22E-B24B-4162-8C4C-2808C48322D7}"
EndProject
Project("{FAE04EC0-301F-11D3-BF4B-00C04F79EFBC}") = "MatrixConsoleTest", "MatrixConsoleTest\MatrixConsoleTest.csproj", "{6C717D4B-92AE-4831-B4BA-3C8E600391B1}"
EndProject
Global
	GlobalSection(SolutionConfigurationPlatforms) = preSolution
		Debug|Any CPU = Debug|Any CPU
		Release|Any CPU = Release|Any CPU
	EndGlobalSection
	GlobalSection(ProjectConfigurationPlatforms) = postSolution
		{6A3C7F0A-6473-4B63-8951-D18CA3522A8C}.Debug|Any CPU.ActiveCfg = Debug|Any CPU
		{6A3C7F0A-6473-4B63-8951-D18CA3522A8C}.Debug|Any CPU.Build.0 = Debug|Any CPU
		{6A3C7F0A-6473-4B63-8951-D18CA3522A8C}.Release|Any CPU.ActiveCfg = Release|Any CPU
		{6A3C7F0A-6473-4B63-8951-D18CA3522A8C}.Release|Any CPU.Build.0 = Release|Any CPU
		{DC4B1265-6DBF-48D8-A2D4-BF54D1D0AAB9}.Debug|Any CPU.ActiveCfg = Debug|Any CPU
		{DC4B1265-6DBF-48D8-A2D4-BF54D1D0AAB9}.Debug|Any CPU.Build.0 = Debug|Any CPU
		{DC4B1265-6DBF-48D8-A2D4-BF54D1D0AAB9}.Release|Any CPU.ActiveCfg = Release|Any CPU
		{DC4B1265-6DBF-48D8-A2D4-BF54D1D0AAB9}.Release|Any CPU.Build.0 = Release|Any CPU
		{3FD9B3F7-9196-47A7-95F5-47C7BF295167}.Debug|Any CPU.ActiveCfg = Debug|Any CPU
		{3FD9B3F7-9196-47A7-95F5-47C7BF295167}.Debug|Any CPU.Build.0 = Debug|Any CPU
		{3FD9B3F7-9196-47A7-95F5-47C7BF295167}.Release|Any CPU.ActiveCfg = Release|Any CPU
		{3FD9B3F7-9196-47A7-95F5-47C7BF295167}.Release|Any CPU.Build.0 = Release|Any CPU
		{D709E22E-B24B-4162-8C4C-2808C48322D7}.Debug|Any CPU.ActiveCfg = Debug|Any CPU
		{D709E22E-B24B-4162-8C4C-2808C48322D7}.Debug|Any CPU.Build.0 = Debug|Any CPU
		{D709E22E-B24B-4162-8C4C-2808C48322D7}.Release|Any CPU.ActiveCfg = Release|Any CPU
		{D709E22E-B24B-4162-8C4C-2808C48322D7}.Release|Any CPU.Build.0 = Release|Any CPU
		{6C717D4B-92AE-4831-B4BA-3C8E600391B1}.Debug|Any CPU.ActiveCfg = Debug|Any CPU
		{6C717D4B-92AE-4831-B4BA-3C8E600391B1}.Debug|Any CPU.Build.0 = Debug|Any CPU
		{6C717D4B-92AE-4831-B4BA-3C8E600391B1}.Release|Any CPU.ActiveCfg = Release|Any CPU
		{6C717D4B-92AE-4831-B4BA-3C8E600391B1}.Release|Any CPU.Build.0 = Release|Any CPU
	EndGlobalSection
	GlobalSection(SolutionProperties) = preSolution
		HideSolutionNode = FALSE
	EndGlobalSection
	GlobalSection(ExtensibilityGlobals) = postSolution
		SolutionGuid = {FA8E7220-6191-4205-BF70-99B2F7946E89}
	EndGlobalSection
EndGlobal
